
Microsoft Visual Studio Solution File, Format Version 12.00
# Visual Studio Version 16
VisualStudioVersion = 16.0.31205.134
MinimumVisualStudioVersion = 10.0.40219.1
Project("{2150E333-8FDC-42A3-9474-1A3956D46DE8}") = "src", "src", "{75228A18-7E60-44B1-BA75-EFA31EB19972}"
EndProject
Project("{2150E333-8FDC-42A3-9474-1A3956D46DE8}") = "services", "services", "{BD48788F-B7EE-4D18-96A5-D3011BA33479}"
EndProject
Project("{2150E333-8FDC-42A3-9474-1A3956D46DE8}") = "building blocks", "building blocks", "{8FB0FBDF-8FD6-4172-82AB-AC2ACFD1FC51}"
EndProject
Project("{2150E333-8FDC-42A3-9474-1A3956D46DE8}") = "web", "web", "{EFEBBCAA-B9B9-4A72-9BA6-BC80F6529477}"
EndProject
Project("{2150E333-8FDC-42A3-9474-1A3956D46DE8}") = "identidade", "identidade", "{A4C66ABB-948D-432F-A9A5-A391F5A5B5C1}"
EndProject
Project("{FAE04EC0-301F-11D3-BF4B-00C04F79EFBC}") = "NSE.Identidade.API", "src\services\NSE.Identidade.API\NSE.Identidade.API\NSE.Identidade.API.csproj", "{AE07B763-F91C-4871-ABF2-7454619FD0A9}"
EndProject
Project("{2150E333-8FDC-42A3-9474-1A3956D46DE8}") = "MVC", "MVC", "{1E0824C8-33DE-4FA3-9E6E-72B92F55029E}"
EndProject
Project("{FAE04EC0-301F-11D3-BF4B-00C04F79EFBC}") = "NSE.WebApp.MVC", "src\web\NSE.WebApp.MVC\NSE.WebApp.MVC.csproj", "{5B860738-A78E-4E66-AD53-0599B88A442B}"
EndProject
Project("{2150E333-8FDC-42A3-9474-1A3956D46DE8}") = "Core", "Core", "{A1522629-D3D7-4C92-94FE-82829BB28675}"
EndProject
Project("{FAE04EC0-301F-11D3-BF4B-00C04F79EFBC}") = "NSE.Core", "src\building blocks\NSE.Core\NSE.Core.csproj", "{BC1A5DA5-7B57-474F-967B-06C00DB4BB24}"
EndProject
Project("{2150E333-8FDC-42A3-9474-1A3956D46DE8}") = "Carrinho", "Carrinho", "{9ACBA350-D02E-4C9A-B260-B25F792DC123}"
EndProject
Project("{FAE04EC0-301F-11D3-BF4B-00C04F79EFBC}") = "NSE.Carrinho.API", "src\services\NSE.Carrinho.API\NSE.Carrinho.API.csproj", "{C23C5DB3-44FE-4F3A-89EC-F6A1A5B65DF3}"
EndProject
Project("{2150E333-8FDC-42A3-9474-1A3956D46DE8}") = "Catalogo", "Catalogo", "{1583D78F-DC21-456E-836A-7A9480DB69AE}"
EndProject
Project("{FAE04EC0-301F-11D3-BF4B-00C04F79EFBC}") = "NSE.Catalogo.API", "src\services\NSE.Catalogo.API\NSE.Catalogo.API.csproj", "{51D57289-EC27-43E9-851C-9F21B7CF7AEA}"
EndProject
Project("{2150E333-8FDC-42A3-9474-1A3956D46DE8}") = "Cliente", "Cliente", "{666DD14A-C5DB-4196-9F73-FF666586EC6D}"
EndProject
Project("{FAE04EC0-301F-11D3-BF4B-00C04F79EFBC}") = "NSE.Cliente.API", "src\services\NSE.Cliente.API\NSE.Cliente.API.csproj", "{FC59AC13-99C8-4830-8C9C-B46088BD88E6}"
EndProject
Project("{2150E333-8FDC-42A3-9474-1A3956D46DE8}") = "Pagamento", "Pagamento", "{1DABAE42-C8C0-4A9E-8C4F-C2DB836E20D1}"
EndProject
Project("{FAE04EC0-301F-11D3-BF4B-00C04F79EFBC}") = "NSE.Pagamento.API", "src\services\NSE.Pagamento.API\NSE.Pagamento.API.csproj", "{46FFE518-5911-4CDA-AAFC-E2E0D81A8481}"
EndProject
Project("{2150E333-8FDC-42A3-9474-1A3956D46DE8}") = "Pedido", "Pedido", "{18EA4851-790B-4542-A494-FA41EF01C99D}"
EndProject
Project("{FAE04EC0-301F-11D3-BF4B-00C04F79EFBC}") = "NSE.Pedido.API", "src\services\NSE.Pedido.API\NSE.Pedido.API.csproj", "{9748704B-28FD-4618-BF97-D1340091D1E8}"
EndProject
Global
	GlobalSection(SolutionConfigurationPlatforms) = preSolution
		Debug|Any CPU = Debug|Any CPU
		Release|Any CPU = Release|Any CPU
	EndGlobalSection
	GlobalSection(ProjectConfigurationPlatforms) = postSolution
		{AE07B763-F91C-4871-ABF2-7454619FD0A9}.Debug|Any CPU.ActiveCfg = Debug|Any CPU
		{AE07B763-F91C-4871-ABF2-7454619FD0A9}.Debug|Any CPU.Build.0 = Debug|Any CPU
		{AE07B763-F91C-4871-ABF2-7454619FD0A9}.Release|Any CPU.ActiveCfg = Release|Any CPU
		{AE07B763-F91C-4871-ABF2-7454619FD0A9}.Release|Any CPU.Build.0 = Release|Any CPU
		{5B860738-A78E-4E66-AD53-0599B88A442B}.Debug|Any CPU.ActiveCfg = Debug|Any CPU
		{5B860738-A78E-4E66-AD53-0599B88A442B}.Debug|Any CPU.Build.0 = Debug|Any CPU
		{5B860738-A78E-4E66-AD53-0599B88A442B}.Release|Any CPU.ActiveCfg = Release|Any CPU
		{5B860738-A78E-4E66-AD53-0599B88A442B}.Release|Any CPU.Build.0 = Release|Any CPU
		{BC1A5DA5-7B57-474F-967B-06C00DB4BB24}.Debug|Any CPU.ActiveCfg = Debug|Any CPU
		{BC1A5DA5-7B57-474F-967B-06C00DB4BB24}.Debug|Any CPU.Build.0 = Debug|Any CPU
		{BC1A5DA5-7B57-474F-967B-06C00DB4BB24}.Release|Any CPU.ActiveCfg = Release|Any CPU
		{BC1A5DA5-7B57-474F-967B-06C00DB4BB24}.Release|Any CPU.Build.0 = Release|Any CPU
		{C23C5DB3-44FE-4F3A-89EC-F6A1A5B65DF3}.Debug|Any CPU.ActiveCfg = Debug|Any CPU
		{C23C5DB3-44FE-4F3A-89EC-F6A1A5B65DF3}.Debug|Any CPU.Build.0 = Debug|Any CPU
		{C23C5DB3-44FE-4F3A-89EC-F6A1A5B65DF3}.Release|Any CPU.ActiveCfg = Release|Any CPU
		{C23C5DB3-44FE-4F3A-89EC-F6A1A5B65DF3}.Release|Any CPU.Build.0 = Release|Any CPU
		{51D57289-EC27-43E9-851C-9F21B7CF7AEA}.Debug|Any CPU.ActiveCfg = Debug|Any CPU
		{51D57289-EC27-43E9-851C-9F21B7CF7AEA}.Debug|Any CPU.Build.0 = Debug|Any CPU
		{51D57289-EC27-43E9-851C-9F21B7CF7AEA}.Release|Any CPU.ActiveCfg = Release|Any CPU
		{51D57289-EC27-43E9-851C-9F21B7CF7AEA}.Release|Any CPU.Build.0 = Release|Any CPU
		{FC59AC13-99C8-4830-8C9C-B46088BD88E6}.Debug|Any CPU.ActiveCfg = Debug|Any CPU
		{FC59AC13-99C8-4830-8C9C-B46088BD88E6}.Debug|Any CPU.Build.0 = Debug|Any CPU
		{FC59AC13-99C8-4830-8C9C-B46088BD88E6}.Release|Any CPU.ActiveCfg = Release|Any CPU
		{FC59AC13-99C8-4830-8C9C-B46088BD88E6}.Release|Any CPU.Build.0 = Release|Any CPU
		{46FFE518-5911-4CDA-AAFC-E2E0D81A8481}.Debug|Any CPU.ActiveCfg = Debug|Any CPU
		{46FFE518-5911-4CDA-AAFC-E2E0D81A8481}.Debug|Any CPU.Build.0 = Debug|Any CPU
		{46FFE518-5911-4CDA-AAFC-E2E0D81A8481}.Release|Any CPU.ActiveCfg = Release|Any CPU
		{46FFE518-5911-4CDA-AAFC-E2E0D81A8481}.Release|Any CPU.Build.0 = Release|Any CPU
		{9748704B-28FD-4618-BF97-D1340091D1E8}.Debug|Any CPU.ActiveCfg = Debug|Any CPU
		{9748704B-28FD-4618-BF97-D1340091D1E8}.Debug|Any CPU.Build.0 = Debug|Any CPU
		{9748704B-28FD-4618-BF97-D1340091D1E8}.Release|Any CPU.ActiveCfg = Release|Any CPU
		{9748704B-28FD-4618-BF97-D1340091D1E8}.Release|Any CPU.Build.0 = Release|Any CPU
	EndGlobalSection
	GlobalSection(SolutionProperties) = preSolution
		HideSolutionNode = FALSE
	EndGlobalSection
	GlobalSection(NestedProjects) = preSolution
		{BD48788F-B7EE-4D18-96A5-D3011BA33479} = {75228A18-7E60-44B1-BA75-EFA31EB19972}
		{8FB0FBDF-8FD6-4172-82AB-AC2ACFD1FC51} = {75228A18-7E60-44B1-BA75-EFA31EB19972}
		{EFEBBCAA-B9B9-4A72-9BA6-BC80F6529477} = {75228A18-7E60-44B1-BA75-EFA31EB19972}
		{A4C66ABB-948D-432F-A9A5-A391F5A5B5C1} = {BD48788F-B7EE-4D18-96A5-D3011BA33479}
		{AE07B763-F91C-4871-ABF2-7454619FD0A9} = {A4C66ABB-948D-432F-A9A5-A391F5A5B5C1}
		{1E0824C8-33DE-4FA3-9E6E-72B92F55029E} = {EFEBBCAA-B9B9-4A72-9BA6-BC80F6529477}
		{5B860738-A78E-4E66-AD53-0599B88A442B} = {1E0824C8-33DE-4FA3-9E6E-72B92F55029E}
		{A1522629-D3D7-4C92-94FE-82829BB28675} = {8FB0FBDF-8FD6-4172-82AB-AC2ACFD1FC51}
		{BC1A5DA5-7B57-474F-967B-06C00DB4BB24} = {A1522629-D3D7-4C92-94FE-82829BB28675}
		{9ACBA350-D02E-4C9A-B260-B25F792DC123} = {BD48788F-B7EE-4D18-96A5-D3011BA33479}
		{C23C5DB3-44FE-4F3A-89EC-F6A1A5B65DF3} = {9ACBA350-D02E-4C9A-B260-B25F792DC123}
		{1583D78F-DC21-456E-836A-7A9480DB69AE} = {BD48788F-B7EE-4D18-96A5-D3011BA33479}
		{51D57289-EC27-43E9-851C-9F21B7CF7AEA} = {1583D78F-DC21-456E-836A-7A9480DB69AE}
		{666DD14A-C5DB-4196-9F73-FF666586EC6D} = {BD48788F-B7EE-4D18-96A5-D3011BA33479}
		{FC59AC13-99C8-4830-8C9C-B46088BD88E6} = {666DD14A-C5DB-4196-9F73-FF666586EC6D}
		{1DABAE42-C8C0-4A9E-8C4F-C2DB836E20D1} = {BD48788F-B7EE-4D18-96A5-D3011BA33479}
		{46FFE518-5911-4CDA-AAFC-E2E0D81A8481} = {1DABAE42-C8C0-4A9E-8C4F-C2DB836E20D1}
		{18EA4851-790B-4542-A494-FA41EF01C99D} = {BD48788F-B7EE-4D18-96A5-D3011BA33479}
		{9748704B-28FD-4618-BF97-D1340091D1E8} = {18EA4851-790B-4542-A494-FA41EF01C99D}
	EndGlobalSection
	GlobalSection(ExtensibilityGlobals) = postSolution
		SolutionGuid = {9C0AC03F-011C-4D4F-BE0D-14B58028494E}
	EndGlobalSection
EndGlobal
